
Microsoft Visual Studio Solution File, Format Version 12.00
# Visual Studio Version 17
VisualStudioVersion = 17.1.32210.238
MinimumVisualStudioVersion = 10.0.40219.1
Project("{9A19103F-16F7-4668-BE54-9A1E7A4F7556}") = "BrainWare", "BrainWare\BrainWare.csproj", "{FCAEFB30-0669-4917-8C55-706DE88295AD}"
EndProject
Project("{FAE04EC0-301F-11D3-BF4B-00C04F79EFBC}") = "BrainWareTests", "BrainWareTests\BrainWareTests.csproj", "{09FD5CF2-2616-49DD-A5F9-F649677B9696}"
EndProject
Global
	GlobalSection(SolutionConfigurationPlatforms) = preSolution
		Debug|Any CPU = Debug|Any CPU
		Release|Any CPU = Release|Any CPU
	EndGlobalSection
	GlobalSection(ProjectConfigurationPlatforms) = postSolution
		{FCAEFB30-0669-4917-8C55-706DE88295AD}.Debug|Any CPU.ActiveCfg = Debug|Any CPU
		{FCAEFB30-0669-4917-8C55-706DE88295AD}.Debug|Any CPU.Build.0 = Debug|Any CPU
		{FCAEFB30-0669-4917-8C55-706DE88295AD}.Release|Any CPU.ActiveCfg = Release|Any CPU
		{FCAEFB30-0669-4917-8C55-706DE88295AD}.Release|Any CPU.Build.0 = Release|Any CPU
		{09FD5CF2-2616-49DD-A5F9-F649677B9696}.Debug|Any CPU.ActiveCfg = Debug|Any CPU
		{09FD5CF2-2616-49DD-A5F9-F649677B9696}.Debug|Any CPU.Build.0 = Debug|Any CPU
		{09FD5CF2-2616-49DD-A5F9-F649677B9696}.Release|Any CPU.ActiveCfg = Release|Any CPU
		{09FD5CF2-2616-49DD-A5F9-F649677B9696}.Release|Any CPU.Build.0 = Release|Any CPU
	EndGlobalSection
	GlobalSection(SolutionProperties) = preSolution
		HideSolutionNode = FALSE
	EndGlobalSection
	GlobalSection(ExtensibilityGlobals) = postSolution
		SolutionGuid = {567DACDD-83AC-470F-BB00-1DE37EDFA907}
	EndGlobalSection
EndGlobal
